
Microsoft Visual Studio Solution File, Format Version 12.00
# Visual Studio Version 16
VisualStudioVersion = 16.0.29025.244
MinimumVisualStudioVersion = 10.0.40219.1
Project("{FAE04EC0-301F-11D3-BF4B-00C04F79EFBC}") = "TicketManagementSystem.Web", "TicketManagementSystem.Web\TicketManagementSystem.Web.csproj", "{1F4F87C4-9AEA-4D12-B861-ECE47185FBD9}"
EndProject
Project("{FAE04EC0-301F-11D3-BF4B-00C04F79EFBC}") = "TicketManagementSystem.Data.EF", "TicketManagementSystem.Data.EF\TicketManagementSystem.Data.EF.csproj", "{EB767E15-10C8-4471-8101-AE735C6E9A91}"
EndProject
Project("{FAE04EC0-301F-11D3-BF4B-00C04F79EFBC}") = "TicketManagementSystem.Business", "TicketManagementSystem.Business\TicketManagementSystem.Business.csproj", "{55B12F31-41FC-4FC6-9EC8-2FF9FAAC7C62}"
EndProject
Project("{2150E333-8FDC-42A3-9474-1A3956D46DE8}") = "test", "test", "{0DABA14F-104E-482B-B9AD-399AA5A1FF3B}"
EndProject
Project("{FAE04EC0-301F-11D3-BF4B-00C04F79EFBC}") = "TicketManagementSystem.Tests", "test\TicketManagementSystem.Tests\TicketManagementSystem.Tests.csproj", "{6AFA16C2-8EBD-4335-B38E-5EAA5BE884CC}"
EndProject
Project("{00D1A9C2-B5F0-4AF3-8072-F6C62B433612}") = "TicketManagementSystem.Database", "TicketManagementSystem.Database\TicketManagementSystem.Database.sqlproj", "{38D38DD6-83D8-4B45-8E91-CFBDE9FF228C}"
EndProject
Global
	GlobalSection(SolutionConfigurationPlatforms) = preSolution
		Debug|Any CPU = Debug|Any CPU
		Release|Any CPU = Release|Any CPU
	EndGlobalSection
	GlobalSection(ProjectConfigurationPlatforms) = postSolution
		{1F4F87C4-9AEA-4D12-B861-ECE47185FBD9}.Debug|Any CPU.ActiveCfg = Debug|Any CPU
		{1F4F87C4-9AEA-4D12-B861-ECE47185FBD9}.Debug|Any CPU.Build.0 = Debug|Any CPU
		{1F4F87C4-9AEA-4D12-B861-ECE47185FBD9}.Release|Any CPU.ActiveCfg = Release|Any CPU
		{1F4F87C4-9AEA-4D12-B861-ECE47185FBD9}.Release|Any CPU.Build.0 = Release|Any CPU
		{EB767E15-10C8-4471-8101-AE735C6E9A91}.Debug|Any CPU.ActiveCfg = Debug|Any CPU
		{EB767E15-10C8-4471-8101-AE735C6E9A91}.Debug|Any CPU.Build.0 = Debug|Any CPU
		{EB767E15-10C8-4471-8101-AE735C6E9A91}.Release|Any CPU.ActiveCfg = Release|Any CPU
		{EB767E15-10C8-4471-8101-AE735C6E9A91}.Release|Any CPU.Build.0 = Release|Any CPU
		{55B12F31-41FC-4FC6-9EC8-2FF9FAAC7C62}.Debug|Any CPU.ActiveCfg = Debug|Any CPU
		{55B12F31-41FC-4FC6-9EC8-2FF9FAAC7C62}.Debug|Any CPU.Build.0 = Debug|Any CPU
		{55B12F31-41FC-4FC6-9EC8-2FF9FAAC7C62}.Release|Any CPU.ActiveCfg = Release|Any CPU
		{55B12F31-41FC-4FC6-9EC8-2FF9FAAC7C62}.Release|Any CPU.Build.0 = Release|Any CPU
		{6AFA16C2-8EBD-4335-B38E-5EAA5BE884CC}.Debug|Any CPU.ActiveCfg = Debug|Any CPU
		{6AFA16C2-8EBD-4335-B38E-5EAA5BE884CC}.Debug|Any CPU.Build.0 = Debug|Any CPU
		{6AFA16C2-8EBD-4335-B38E-5EAA5BE884CC}.Release|Any CPU.ActiveCfg = Release|Any CPU
		{6AFA16C2-8EBD-4335-B38E-5EAA5BE884CC}.Release|Any CPU.Build.0 = Release|Any CPU
		{38D38DD6-83D8-4B45-8E91-CFBDE9FF228C}.Debug|Any CPU.ActiveCfg = Debug|Any CPU
		{38D38DD6-83D8-4B45-8E91-CFBDE9FF228C}.Debug|Any CPU.Build.0 = Debug|Any CPU
		{38D38DD6-83D8-4B45-8E91-CFBDE9FF228C}.Debug|Any CPU.Deploy.0 = Debug|Any CPU
		{38D38DD6-83D8-4B45-8E91-CFBDE9FF228C}.Release|Any CPU.ActiveCfg = Release|Any CPU
		{38D38DD6-83D8-4B45-8E91-CFBDE9FF228C}.Release|Any CPU.Build.0 = Release|Any CPU
		{38D38DD6-83D8-4B45-8E91-CFBDE9FF228C}.Release|Any CPU.Deploy.0 = Release|Any CPU
	EndGlobalSection
	GlobalSection(SolutionProperties) = preSolution
		HideSolutionNode = FALSE
	EndGlobalSection
	GlobalSection(NestedProjects) = preSolution
		{6AFA16C2-8EBD-4335-B38E-5EAA5BE884CC} = {0DABA14F-104E-482B-B9AD-399AA5A1FF3B}
	EndGlobalSection
	GlobalSection(ExtensibilityGlobals) = postSolution
		SolutionGuid = {5B53B6F6-5F5E-42FC-A553-109F8AA86CB1}
	EndGlobalSection
	GlobalSection(Performance) = preSolution
		HasPerformanceSessions = true
	EndGlobalSection
EndGlobal
